
Microsoft Visual Studio Solution File, Format Version 12.00
# Visual Studio Version 17
VisualStudioVersion = 17.0.31903.59
MinimumVisualStudioVersion = 10.0.40219.1
Project("{FAE04EC0-301F-11D3-BF4B-00C04F79EFBC}") = "RevitXunitAdapter", "RevitXunitAdapter\RevitXunitAdapter.csproj", "{7C91BC6F-A79F-4F9C-B59D-1697C7FCE860}"
EndProject
Project("{FAE04EC0-301F-11D3-BF4B-00C04F79EFBC}") = "MyRevitTestsXunit", "MyRevitTestsXunit\MyRevitTestsXunit.csproj", "{1CE89AB6-19FD-4CFB-8777-09D8498DE635}"
EndProject
Project("{FAE04EC0-301F-11D3-BF4B-00C04F79EFBC}") = "RevitAdapterCommon", "RevitAdapterCommon\RevitAdapterCommon.csproj", "{D4D54BED-8566-431C-A513-1A10853249C2}"
EndProject
Project("{FAE04EC0-301F-11D3-BF4B-00C04F79EFBC}") = "RevitNUnitAdapter", "RevitNUnitAdapter\RevitNUnitAdapter.csproj", "{203118C0-6C25-4BE2-97A2-758BE36CB66F}"
EndProject
Project("{FAE04EC0-301F-11D3-BF4B-00C04F79EFBC}") = "MyRevitTestsNUnit", "MyRevitTestsNUnit\MyRevitTestsNUnit.csproj", "{3BD81A4E-324B-4261-9850-CB85BC2DFAD3}"
EndProject
Project("{FAE04EC0-301F-11D3-BF4B-00C04F79EFBC}") = "RevitTestFramework.Common", "RevitTestFramework.Common\RevitTestFramework.Common.csproj", "{8D10121F-241D-FCDF-2AED-2641F41E76B5}"
EndProject
Project("{FAE04EC0-301F-11D3-BF4B-00C04F79EFBC}") = "RevitTestFramework.NUnit", "RevitTestFramework.NUnit\RevitTestFramework.NUnit.csproj", "{62C77FFC-ACB5-884B-524C-493AFD7699E5}"
EndProject
Project("{FAE04EC0-301F-11D3-BF4B-00C04F79EFBC}") = "RevitTestFramework.Xunit", "RevitTestFramework.Xunit\RevitTestFramework.Xunit.csproj", "{F250959A-C8C4-2F05-0462-72F81696AEA2}"
EndProject
Project("{2150E333-8FDC-42A3-9474-1A3956D46DE8}") = "Examples", "Examples", "{B36A84DF-456D-A817-6EDD-3EC3E7F6E11F}"
EndProject
Project("{2150E333-8FDC-42A3-9474-1A3956D46DE8}") = "Revit", "Revit", "{D64246B1-3E22-9D95-23C6-14262B074D58}"
EndProject
Project("{2150E333-8FDC-42A3-9474-1A3956D46DE8}") = "TestAdapters", "TestAdapters", "{F69676A5-40D5-CDC6-96A5-64A46D2024F5}"
EndProject
Project("{FAE04EC0-301F-11D3-BF4B-00C04F79EFBC}") = "RevitAddin.Common", "RevitAddin.Common\RevitAddin.Common.csproj", "{442AAB45-16DB-484C-279B-F312283CD134}"
EndProject
Project("{FAE04EC0-301F-11D3-BF4B-00C04F79EFBC}") = "RevitAddin.NUnit", "RevitAddin.NUnit\RevitAddin.NUnit.csproj", "{6FD112CE-BAEF-0D4D-A394-43F467182EC5}"
EndProject
Project("{FAE04EC0-301F-11D3-BF4B-00C04F79EFBC}") = "RevitAddin.Xunit", "RevitAddin.Xunit\RevitAddin.Xunit.csproj", "{8A805D4B-9597-3D5A-2B1E-E37B3AADD210}"
EndProject
Project("{2150E333-8FDC-42A3-9474-1A3956D46DE8}") = "Solution Items", "Solution Items", "{089100B1-113F-4E66-888A-E83F3999EAFD}"
	ProjectSection(SolutionItems) = preProject
		adapterExtensibility.instructions.md = adapterExtensibility.instructions.md
	EndProjectSection
EndProject
Global
	GlobalSection(SolutionConfigurationPlatforms) = preSolution
		Debug|Any CPU = Debug|Any CPU
		Debug|x64 = Debug|x64
		Debug|x86 = Debug|x86
		Release|Any CPU = Release|Any CPU
		Release|x64 = Release|x64
		Release|x86 = Release|x86
	EndGlobalSection
	GlobalSection(ProjectConfigurationPlatforms) = postSolution
		{7C91BC6F-A79F-4F9C-B59D-1697C7FCE860}.Debug|Any CPU.ActiveCfg = Debug|Any CPU
		{7C91BC6F-A79F-4F9C-B59D-1697C7FCE860}.Debug|Any CPU.Build.0 = Debug|Any CPU
		{7C91BC6F-A79F-4F9C-B59D-1697C7FCE860}.Debug|x64.ActiveCfg = Debug|Any CPU
		{7C91BC6F-A79F-4F9C-B59D-1697C7FCE860}.Debug|x64.Build.0 = Debug|Any CPU
		{7C91BC6F-A79F-4F9C-B59D-1697C7FCE860}.Debug|x86.ActiveCfg = Debug|Any CPU
		{7C91BC6F-A79F-4F9C-B59D-1697C7FCE860}.Debug|x86.Build.0 = Debug|Any CPU
		{7C91BC6F-A79F-4F9C-B59D-1697C7FCE860}.Release|Any CPU.ActiveCfg = Release|Any CPU
		{7C91BC6F-A79F-4F9C-B59D-1697C7FCE860}.Release|Any CPU.Build.0 = Release|Any CPU
		{7C91BC6F-A79F-4F9C-B59D-1697C7FCE860}.Release|x64.ActiveCfg = Release|Any CPU
		{7C91BC6F-A79F-4F9C-B59D-1697C7FCE860}.Release|x64.Build.0 = Release|Any CPU
		{7C91BC6F-A79F-4F9C-B59D-1697C7FCE860}.Release|x86.ActiveCfg = Release|Any CPU
		{7C91BC6F-A79F-4F9C-B59D-1697C7FCE860}.Release|x86.Build.0 = Release|Any CPU
		{1CE89AB6-19FD-4CFB-8777-09D8498DE635}.Debug|Any CPU.ActiveCfg = Debug|Any CPU
		{1CE89AB6-19FD-4CFB-8777-09D8498DE635}.Debug|Any CPU.Build.0 = Debug|Any CPU
		{1CE89AB6-19FD-4CFB-8777-09D8498DE635}.Debug|x64.ActiveCfg = Debug|Any CPU
		{1CE89AB6-19FD-4CFB-8777-09D8498DE635}.Debug|x64.Build.0 = Debug|Any CPU
		{1CE89AB6-19FD-4CFB-8777-09D8498DE635}.Debug|x86.ActiveCfg = Debug|Any CPU
		{1CE89AB6-19FD-4CFB-8777-09D8498DE635}.Debug|x86.Build.0 = Debug|Any CPU
		{1CE89AB6-19FD-4CFB-8777-09D8498DE635}.Release|Any CPU.ActiveCfg = Release|Any CPU
		{1CE89AB6-19FD-4CFB-8777-09D8498DE635}.Release|Any CPU.Build.0 = Release|Any CPU
		{1CE89AB6-19FD-4CFB-8777-09D8498DE635}.Release|x64.ActiveCfg = Release|Any CPU
		{1CE89AB6-19FD-4CFB-8777-09D8498DE635}.Release|x64.Build.0 = Release|Any CPU
		{1CE89AB6-19FD-4CFB-8777-09D8498DE635}.Release|x86.ActiveCfg = Release|Any CPU
		{1CE89AB6-19FD-4CFB-8777-09D8498DE635}.Release|x86.Build.0 = Release|Any CPU
		{D4D54BED-8566-431C-A513-1A10853249C2}.Debug|Any CPU.ActiveCfg = Debug|Any CPU
		{D4D54BED-8566-431C-A513-1A10853249C2}.Debug|Any CPU.Build.0 = Debug|Any CPU
		{D4D54BED-8566-431C-A513-1A10853249C2}.Debug|x64.ActiveCfg = Debug|Any CPU
		{D4D54BED-8566-431C-A513-1A10853249C2}.Debug|x64.Build.0 = Debug|Any CPU
		{D4D54BED-8566-431C-A513-1A10853249C2}.Debug|x86.ActiveCfg = Debug|Any CPU
		{D4D54BED-8566-431C-A513-1A10853249C2}.Debug|x86.Build.0 = Debug|Any CPU
		{D4D54BED-8566-431C-A513-1A10853249C2}.Release|Any CPU.ActiveCfg = Release|Any CPU
		{D4D54BED-8566-431C-A513-1A10853249C2}.Release|Any CPU.Build.0 = Release|Any CPU
		{D4D54BED-8566-431C-A513-1A10853249C2}.Release|x64.ActiveCfg = Release|Any CPU
		{D4D54BED-8566-431C-A513-1A10853249C2}.Release|x64.Build.0 = Release|Any CPU
		{D4D54BED-8566-431C-A513-1A10853249C2}.Release|x86.ActiveCfg = Release|Any CPU
		{D4D54BED-8566-431C-A513-1A10853249C2}.Release|x86.Build.0 = Release|Any CPU
		{203118C0-6C25-4BE2-97A2-758BE36CB66F}.Debug|Any CPU.ActiveCfg = Debug|Any CPU
		{203118C0-6C25-4BE2-97A2-758BE36CB66F}.Debug|Any CPU.Build.0 = Debug|Any CPU
		{203118C0-6C25-4BE2-97A2-758BE36CB66F}.Debug|x64.ActiveCfg = Debug|Any CPU
		{203118C0-6C25-4BE2-97A2-758BE36CB66F}.Debug|x64.Build.0 = Debug|Any CPU
		{203118C0-6C25-4BE2-97A2-758BE36CB66F}.Debug|x86.ActiveCfg = Debug|Any CPU
		{203118C0-6C25-4BE2-97A2-758BE36CB66F}.Debug|x86.Build.0 = Debug|Any CPU
		{203118C0-6C25-4BE2-97A2-758BE36CB66F}.Release|Any CPU.ActiveCfg = Release|Any CPU
		{203118C0-6C25-4BE2-97A2-758BE36CB66F}.Release|Any CPU.Build.0 = Release|Any CPU
		{203118C0-6C25-4BE2-97A2-758BE36CB66F}.Release|x64.ActiveCfg = Release|Any CPU
		{203118C0-6C25-4BE2-97A2-758BE36CB66F}.Release|x64.Build.0 = Release|Any CPU
		{203118C0-6C25-4BE2-97A2-758BE36CB66F}.Release|x86.ActiveCfg = Release|Any CPU
		{203118C0-6C25-4BE2-97A2-758BE36CB66F}.Release|x86.Build.0 = Release|Any CPU
		{3BD81A4E-324B-4261-9850-CB85BC2DFAD3}.Debug|Any CPU.ActiveCfg = Debug|Any CPU
		{3BD81A4E-324B-4261-9850-CB85BC2DFAD3}.Debug|Any CPU.Build.0 = Debug|Any CPU
		{3BD81A4E-324B-4261-9850-CB85BC2DFAD3}.Debug|x64.ActiveCfg = Debug|Any CPU
		{3BD81A4E-324B-4261-9850-CB85BC2DFAD3}.Debug|x64.Build.0 = Debug|Any CPU
		{3BD81A4E-324B-4261-9850-CB85BC2DFAD3}.Debug|x86.ActiveCfg = Debug|Any CPU
		{3BD81A4E-324B-4261-9850-CB85BC2DFAD3}.Debug|x86.Build.0 = Debug|Any CPU
		{3BD81A4E-324B-4261-9850-CB85BC2DFAD3}.Release|Any CPU.ActiveCfg = Release|Any CPU
		{3BD81A4E-324B-4261-9850-CB85BC2DFAD3}.Release|Any CPU.Build.0 = Release|Any CPU
		{3BD81A4E-324B-4261-9850-CB85BC2DFAD3}.Release|x64.ActiveCfg = Release|Any CPU
		{3BD81A4E-324B-4261-9850-CB85BC2DFAD3}.Release|x64.Build.0 = Release|Any CPU
		{3BD81A4E-324B-4261-9850-CB85BC2DFAD3}.Release|x86.ActiveCfg = Release|Any CPU
		{3BD81A4E-324B-4261-9850-CB85BC2DFAD3}.Release|x86.Build.0 = Release|Any CPU
		{8D10121F-241D-FCDF-2AED-2641F41E76B5}.Debug|Any CPU.ActiveCfg = Debug|Any CPU
		{8D10121F-241D-FCDF-2AED-2641F41E76B5}.Debug|Any CPU.Build.0 = Debug|Any CPU
		{8D10121F-241D-FCDF-2AED-2641F41E76B5}.Debug|x64.ActiveCfg = Debug|Any CPU
		{8D10121F-241D-FCDF-2AED-2641F41E76B5}.Debug|x64.Build.0 = Debug|Any CPU
		{8D10121F-241D-FCDF-2AED-2641F41E76B5}.Debug|x86.ActiveCfg = Debug|Any CPU
		{8D10121F-241D-FCDF-2AED-2641F41E76B5}.Debug|x86.Build.0 = Debug|Any CPU
		{8D10121F-241D-FCDF-2AED-2641F41E76B5}.Release|Any CPU.ActiveCfg = Release|Any CPU
		{8D10121F-241D-FCDF-2AED-2641F41E76B5}.Release|Any CPU.Build.0 = Release|Any CPU
		{8D10121F-241D-FCDF-2AED-2641F41E76B5}.Release|x64.ActiveCfg = Release|Any CPU
		{8D10121F-241D-FCDF-2AED-2641F41E76B5}.Release|x64.Build.0 = Release|Any CPU
		{8D10121F-241D-FCDF-2AED-2641F41E76B5}.Release|x86.ActiveCfg = Release|Any CPU
		{8D10121F-241D-FCDF-2AED-2641F41E76B5}.Release|x86.Build.0 = Release|Any CPU
		{62C77FFC-ACB5-884B-524C-493AFD7699E5}.Debug|Any CPU.ActiveCfg = Debug|Any CPU
		{62C77FFC-ACB5-884B-524C-493AFD7699E5}.Debug|Any CPU.Build.0 = Debug|Any CPU
		{62C77FFC-ACB5-884B-524C-493AFD7699E5}.Debug|x64.ActiveCfg = Debug|Any CPU
		{62C77FFC-ACB5-884B-524C-493AFD7699E5}.Debug|x64.Build.0 = Debug|Any CPU
		{62C77FFC-ACB5-884B-524C-493AFD7699E5}.Debug|x86.ActiveCfg = Debug|Any CPU
		{62C77FFC-ACB5-884B-524C-493AFD7699E5}.Debug|x86.Build.0 = Debug|Any CPU
		{62C77FFC-ACB5-884B-524C-493AFD7699E5}.Release|Any CPU.ActiveCfg = Release|Any CPU
		{62C77FFC-ACB5-884B-524C-493AFD7699E5}.Release|Any CPU.Build.0 = Release|Any CPU
		{62C77FFC-ACB5-884B-524C-493AFD7699E5}.Release|x64.ActiveCfg = Release|Any CPU
		{62C77FFC-ACB5-884B-524C-493AFD7699E5}.Release|x64.Build.0 = Release|Any CPU
		{62C77FFC-ACB5-884B-524C-493AFD7699E5}.Release|x86.ActiveCfg = Release|Any CPU
		{62C77FFC-ACB5-884B-524C-493AFD7699E5}.Release|x86.Build.0 = Release|Any CPU
		{F250959A-C8C4-2F05-0462-72F81696AEA2}.Debug|Any CPU.ActiveCfg = Debug|Any CPU
		{F250959A-C8C4-2F05-0462-72F81696AEA2}.Debug|Any CPU.Build.0 = Debug|Any CPU
		{F250959A-C8C4-2F05-0462-72F81696AEA2}.Debug|x64.ActiveCfg = Debug|Any CPU
		{F250959A-C8C4-2F05-0462-72F81696AEA2}.Debug|x64.Build.0 = Debug|Any CPU
		{F250959A-C8C4-2F05-0462-72F81696AEA2}.Debug|x86.ActiveCfg = Debug|Any CPU
		{F250959A-C8C4-2F05-0462-72F81696AEA2}.Debug|x86.Build.0 = Debug|Any CPU
		{F250959A-C8C4-2F05-0462-72F81696AEA2}.Release|Any CPU.ActiveCfg = Release|Any CPU
		{F250959A-C8C4-2F05-0462-72F81696AEA2}.Release|Any CPU.Build.0 = Release|Any CPU
		{F250959A-C8C4-2F05-0462-72F81696AEA2}.Release|x64.ActiveCfg = Release|Any CPU
		{F250959A-C8C4-2F05-0462-72F81696AEA2}.Release|x64.Build.0 = Release|Any CPU
		{F250959A-C8C4-2F05-0462-72F81696AEA2}.Release|x86.ActiveCfg = Release|Any CPU
		{F250959A-C8C4-2F05-0462-72F81696AEA2}.Release|x86.Build.0 = Release|Any CPU
		{442AAB45-16DB-484C-279B-F312283CD134}.Debug|Any CPU.ActiveCfg = Debug|Any CPU
		{442AAB45-16DB-484C-279B-F312283CD134}.Debug|Any CPU.Build.0 = Debug|Any CPU
		{442AAB45-16DB-484C-279B-F312283CD134}.Debug|x64.ActiveCfg = Debug|Any CPU
		{442AAB45-16DB-484C-279B-F312283CD134}.Debug|x64.Build.0 = Debug|Any CPU
		{442AAB45-16DB-484C-279B-F312283CD134}.Debug|x86.ActiveCfg = Debug|Any CPU
		{442AAB45-16DB-484C-279B-F312283CD134}.Debug|x86.Build.0 = Debug|Any CPU
		{442AAB45-16DB-484C-279B-F312283CD134}.Release|Any CPU.ActiveCfg = Release|Any CPU
		{442AAB45-16DB-484C-279B-F312283CD134}.Release|Any CPU.Build.0 = Release|Any CPU
		{442AAB45-16DB-484C-279B-F312283CD134}.Release|x64.ActiveCfg = Release|Any CPU
		{442AAB45-16DB-484C-279B-F312283CD134}.Release|x64.Build.0 = Release|Any CPU
		{442AAB45-16DB-484C-279B-F312283CD134}.Release|x86.ActiveCfg = Release|Any CPU
		{442AAB45-16DB-484C-279B-F312283CD134}.Release|x86.Build.0 = Release|Any CPU
		{6FD112CE-BAEF-0D4D-A394-43F467182EC5}.Debug|Any CPU.ActiveCfg = Debug|Any CPU
		{6FD112CE-BAEF-0D4D-A394-43F467182EC5}.Debug|Any CPU.Build.0 = Debug|Any CPU
		{6FD112CE-BAEF-0D4D-A394-43F467182EC5}.Debug|x64.ActiveCfg = Debug|Any CPU
		{6FD112CE-BAEF-0D4D-A394-43F467182EC5}.Debug|x64.Build.0 = Debug|Any CPU
		{6FD112CE-BAEF-0D4D-A394-43F467182EC5}.Debug|x86.ActiveCfg = Debug|Any CPU
		{6FD112CE-BAEF-0D4D-A394-43F467182EC5}.Debug|x86.Build.0 = Debug|Any CPU
		{6FD112CE-BAEF-0D4D-A394-43F467182EC5}.Release|Any CPU.ActiveCfg = Release|Any CPU
		{6FD112CE-BAEF-0D4D-A394-43F467182EC5}.Release|Any CPU.Build.0 = Release|Any CPU
		{6FD112CE-BAEF-0D4D-A394-43F467182EC5}.Release|x64.ActiveCfg = Release|Any CPU
		{6FD112CE-BAEF-0D4D-A394-43F467182EC5}.Release|x64.Build.0 = Release|Any CPU
		{6FD112CE-BAEF-0D4D-A394-43F467182EC5}.Release|x86.ActiveCfg = Release|Any CPU
		{6FD112CE-BAEF-0D4D-A394-43F467182EC5}.Release|x86.Build.0 = Release|Any CPU
		{8A805D4B-9597-3D5A-2B1E-E37B3AADD210}.Debug|Any CPU.ActiveCfg = Debug|Any CPU
		{8A805D4B-9597-3D5A-2B1E-E37B3AADD210}.Debug|Any CPU.Build.0 = Debug|Any CPU
		{8A805D4B-9597-3D5A-2B1E-E37B3AADD210}.Debug|x64.ActiveCfg = Debug|Any CPU
		{8A805D4B-9597-3D5A-2B1E-E37B3AADD210}.Debug|x64.Build.0 = Debug|Any CPU
		{8A805D4B-9597-3D5A-2B1E-E37B3AADD210}.Debug|x86.ActiveCfg = Debug|Any CPU
		{8A805D4B-9597-3D5A-2B1E-E37B3AADD210}.Debug|x86.Build.0 = Debug|Any CPU
		{8A805D4B-9597-3D5A-2B1E-E37B3AADD210}.Release|Any CPU.ActiveCfg = Release|Any CPU
		{8A805D4B-9597-3D5A-2B1E-E37B3AADD210}.Release|Any CPU.Build.0 = Release|Any CPU
		{8A805D4B-9597-3D5A-2B1E-E37B3AADD210}.Release|x64.ActiveCfg = Release|Any CPU
		{8A805D4B-9597-3D5A-2B1E-E37B3AADD210}.Release|x64.Build.0 = Release|Any CPU
		{8A805D4B-9597-3D5A-2B1E-E37B3AADD210}.Release|x86.ActiveCfg = Release|Any CPU
		{8A805D4B-9597-3D5A-2B1E-E37B3AADD210}.Release|x86.Build.0 = Release|Any CPU
	EndGlobalSection
	GlobalSection(SolutionProperties) = preSolution
		HideSolutionNode = FALSE
	EndGlobalSection
	GlobalSection(NestedProjects) = preSolution
		{7C91BC6F-A79F-4F9C-B59D-1697C7FCE860} = {F69676A5-40D5-CDC6-96A5-64A46D2024F5}
		{1CE89AB6-19FD-4CFB-8777-09D8498DE635} = {B36A84DF-456D-A817-6EDD-3EC3E7F6E11F}
		{D4D54BED-8566-431C-A513-1A10853249C2} = {F69676A5-40D5-CDC6-96A5-64A46D2024F5}
		{203118C0-6C25-4BE2-97A2-758BE36CB66F} = {F69676A5-40D5-CDC6-96A5-64A46D2024F5}
		{3BD81A4E-324B-4261-9850-CB85BC2DFAD3} = {B36A84DF-456D-A817-6EDD-3EC3E7F6E11F}
		{8D10121F-241D-FCDF-2AED-2641F41E76B5} = {D64246B1-3E22-9D95-23C6-14262B074D58}
		{62C77FFC-ACB5-884B-524C-493AFD7699E5} = {D64246B1-3E22-9D95-23C6-14262B074D58}
		{F250959A-C8C4-2F05-0462-72F81696AEA2} = {D64246B1-3E22-9D95-23C6-14262B074D58}
		{442AAB45-16DB-484C-279B-F312283CD134} = {D64246B1-3E22-9D95-23C6-14262B074D58}
		{6FD112CE-BAEF-0D4D-A394-43F467182EC5} = {D64246B1-3E22-9D95-23C6-14262B074D58}
		{8A805D4B-9597-3D5A-2B1E-E37B3AADD210} = {D64246B1-3E22-9D95-23C6-14262B074D58}
	EndGlobalSection
	GlobalSection(ExtensibilityGlobals) = postSolution
		SolutionGuid = {943B8341-6CCD-49E8-A483-FD5C826D2C1F}
	EndGlobalSection
EndGlobal
